
Microsoft Visual Studio Solution File, Format Version 12.00
# Visual Studio Version 17
VisualStudioVersion = 17.9.34714.143
MinimumVisualStudioVersion = 10.0.40219.1
Project("{8BC9CEB8-8B4A-11D0-8D11-00A0C91BC942}") = "C++MagicBook", "C++MagicBook\C++MagicBook.vcxproj", "{63E0830D-256C-4AB4-B38D-178190DE892A}"
EndProject
Global
	GlobalSection(SolutionConfigurationPlatforms) = preSolution
		Debug|x64 = Debug|x64
		Debug|x86 = Debug|x86
		Release|x64 = Release|x64
		Release|x86 = Release|x86
	EndGlobalSection
	GlobalSection(ProjectConfigurationPlatforms) = postSolution
		{63E0830D-256C-4AB4-B38D-178190DE892A}.Debug|x64.ActiveCfg = Debug|x64
		{63E0830D-256C-4AB4-B38D-178190DE892A}.Debug|x64.Build.0 = Debug|x64
		{63E0830D-256C-4AB4-B38D-178190DE892A}.Debug|x86.ActiveCfg = Debug|Win32
		{63E0830D-256C-4AB4-B38D-178190DE892A}.Debug|x86.Build.0 = Debug|Win32
		{63E0830D-256C-4AB4-B38D-178190DE892A}.Release|x64.ActiveCfg = Release|x64
		{63E0830D-256C-4AB4-B38D-178190DE892A}.Release|x64.Build.0 = Release|x64
		{63E0830D-256C-4AB4-B38D-178190DE892A}.Release|x86.ActiveCfg = Release|Win32
		{63E0830D-256C-4AB4-B38D-178190DE892A}.Release|x86.Build.0 = Release|Win32
	EndGlobalSection
	GlobalSection(SolutionProperties) = preSolution
		HideSolutionNode = FALSE
	EndGlobalSection
	GlobalSection(ExtensibilityGlobals) = postSolution
		SolutionGuid = {9408CE6A-7915-40F6-8835-48580EFE3F35}
	EndGlobalSection
EndGlobal
