<?xml version="1.0" encoding="utf-8"?>
<Project ToolsVersion="4.0" xmlns="http://schemas.microsoft.com/developer/msbuild/2003">
  <ItemGroup>
    <Filter Include="ソース ファイル">
      <UniqueIdentifier>{4FC737F1-C7A5-4376-A066-2A32D752A2FF}</UniqueIdentifier>
      <Extensions>cpp;c;cc;cxx;c++;cppm;ixx;def;odl;idl;hpj;bat;asm;asmx</Extensions>
    </Filter>
    <Filter Include="ヘッダー ファイル">
      <UniqueIdentifier>{93995380-89BD-4b04-88EB-625FBE52EBFB}</UniqueIdentifier>
      <Extensions>h;hh;hpp;hxx;h++;hm;inl;inc;ipp;xsd</Extensions>
    </Filter>
    <Filter Include="リソース ファイル">
      <UniqueIdentifier>{67DA6AB6-F800-4c08-8B7A-83BB121AAD01}</UniqueIdentifier>
      <Extensions>rc;ico;cur;bmp;dlg;rc2;rct;bin;rgs;gif;jpg;jpeg;jpe;resx;tiff;tif;png;wav;mfcribbon-ms</Extensions>
    </Filter>
    <Filter Include="ソース ファイル\Chapter1">
      <UniqueIdentifier>{2ad31400-b1b4-409b-971d-c4e8e1683a8a}</UniqueIdentifier>
    </Filter>
    <Filter Include="ソース ファイル\Chapter2">
      <UniqueIdentifier>{b95b49e3-a9c6-4dcc-8463-76a82be2d89b}</UniqueIdentifier>
    </Filter>
    <Filter Include="ソース ファイル\Chapter3">
      <UniqueIdentifier>{7ab53d95-6c3e-407b-811e-f29d39e8c55d}</UniqueIdentifier>
    </Filter>
    <Filter Include="ソース ファイル\Chapter4">
      <UniqueIdentifier>{3f5bb6cf-ba94-4121-9ca8-e295bab7a45e}</UniqueIdentifier>
    </Filter>
  </ItemGroup>
  <ItemGroup>
    <ClCompile Include="Chapter1-class\class.cpp">
      <Filter>ソース ファイル\Chapter1</Filter>
    </ClCompile>
    <ClCompile Include="Chapter1-class\UseClass.cpp">
      <Filter>ソース ファイル\Chapter1</Filter>
    </ClCompile>
    <ClCompile Include="CodeTest.cpp">
      <Filter>ソース ファイル</Filter>
    </ClCompile>
    <ClCompile Include="Chapter2-namespace\namespace.cpp">
      <Filter>ソース ファイル\Chapter2</Filter>
    </ClCompile>
    <ClCompile Include="Chapter3-new_delete\new_delete.cpp">
      <Filter>ソース ファイル\Chapter3</Filter>
    </ClCompile>
    <ClCompile Include="Chapter4-enum\enum.cpp">
      <Filter>ソース ファイル\Chapter4</Filter>
    </ClCompile>
  </ItemGroup>
  <ItemGroup>
    <ClInclude Include="Chapter1-class\class.h">
      <Filter>ソース ファイル\Chapter1</Filter>
    </ClInclude>
    <ClInclude Include="Chapter2-namespace\namespace.h">
      <Filter>ソース ファイル\Chapter2</Filter>
    </ClInclude>
    <ClInclude Include="Chapter3-new_delete\new_delete.h">
      <Filter>ソース ファイル\Chapter3</Filter>
    </ClInclude>
    <ClInclude Include="Chapter4-enum\enum.h">
      <Filter>ソース ファイル\Chapter4</Filter>
    </ClInclude>
  </ItemGroup>
  <ItemGroup>
    <Text Include="Chapter1-class\classとは.txt">
      <Filter>ソース ファイル\Chapter1</Filter>
    </Text>
    <Text Include="Chapter2-namespace\namespace(名前空間)について.txt">
      <Filter>ソース ファイル\Chapter2</Filter>
    </Text>
    <Text Include="Chapter3-new_delete\動的なメモリ確保について.txt">
      <Filter>ソース ファイル\Chapter3</Filter>
    </Text>
    <Text Include="Chapter4-enum\enumについて.txt">
      <Filter>ソース ファイル\Chapter4</Filter>
    </Text>
  </ItemGroup>
</Project>